
Microsoft Visual Studio Solution File, Format Version 12.00
# Visual Studio Version 17
VisualStudioVersion = 17.11.35327.3
MinimumVisualStudioVersion = 10.0.40219.1
Project("{FAE04EC0-301F-11D3-BF4B-00C04F79EFBC}") = "Primus.Autoamtion.Core.UI", "Primus.Autoamtion.Core.UI.csproj", "{95A30D2B-A7C3-4C4D-9E82-81B0D1D654EF}"
EndProject
Global
	GlobalSection(SolutionConfigurationPlatforms) = preSolution
		Debug|Any CPU = Debug|Any CPU
		Release|Any CPU = Release|Any CPU
	EndGlobalSection
	GlobalSection(ProjectConfigurationPlatforms) = postSolution
		{95A30D2B-A7C3-4C4D-9E82-81B0D1D654EF}.Debug|Any CPU.ActiveCfg = Debug|Any CPU
		{95A30D2B-A7C3-4C4D-9E82-81B0D1D654EF}.Debug|Any CPU.Build.0 = Debug|Any CPU
		{95A30D2B-A7C3-4C4D-9E82-81B0D1D654EF}.Release|Any CPU.ActiveCfg = Release|Any CPU
		{95A30D2B-A7C3-4C4D-9E82-81B0D1D654EF}.Release|Any CPU.Build.0 = Release|Any CPU
	EndGlobalSection
	GlobalSection(SolutionProperties) = preSolution
		HideSolutionNode = FALSE
	EndGlobalSection
	GlobalSection(ExtensibilityGlobals) = postSolution
		SolutionGuid = {CC32CB60-2115-43AA-8570-A725770860F3}
	EndGlobalSection
EndGlobal
